// !$*UTF8*$!
{
	archiveVersion = 1;
	classes = {
	};
	objectVersion = 55;
	objects = {

/* Begin PBXBuildFile section */
		6B6A3BC9C5423522B0693960 /* Pods_SacketLED.framework in Frameworks */ = {isa = PBXBuildFile; fileRef = 57AAB9B632B53CCEC9116796 /* Pods_SacketLED.framework */; };
		741FFD3A2813EF1400ACE596 /* Shape.swift in Sources */ = {isa = PBXBuildFile; fileRef = 741FFD392813EF1400ACE596 /* Shape.swift */; };
		741FFD3C2814C9E000ACE596 /* Gameboard.swift in Sources */ = {isa = PBXBuildFile; fileRef = 741FFD3B2814C9E000ACE596 /* Gameboard.swift */; };
		741FFD3E2815F49B00ACE596 /* TetrisSampleVC.swift in Sources */ = {isa = PBXBuildFile; fileRef = 741FFD3D2815F49B00ACE596 /* TetrisSampleVC.swift */; };
		741FFD43281881FA00ACE596 /* move.mp3 in Resources */ = {isa = PBXBuildFile; fileRef = 741FFD42281881FA00ACE596 /* move.mp3 */; };
		741FFD452818821400ACE596 /* rotate.mp3 in Resources */ = {isa = PBXBuildFile; fileRef = 741FFD442818821400ACE596 /* rotate.mp3 */; };
		741FFD472818827C00ACE596 /* clear.mp3 in Resources */ = {isa = PBXBuildFile; fileRef = 741FFD462818827C00ACE596 /* clear.mp3 */; };
		741FFD492818850600ACE596 /* tetris.mp3 in Resources */ = {isa = PBXBuildFile; fileRef = 741FFD482818850600ACE596 /* tetris.mp3 */; };
		741FFD4B2818851000ACE596 /* fall.mp3 in Resources */ = {isa = PBXBuildFile; fileRef = 741FFD4A2818851000ACE596 /* fall.mp3 */; };
		741FFD5528188DF100ACE596 /* gameOver.mp3 in Resources */ = {isa = PBXBuildFile; fileRef = 741FFD5428188DF100ACE596 /* gameOver.mp3 */; };
		741FFD57281A713B00ACE596 /* GoogleService-Info.plist in Resources */ = {isa = PBXBuildFile; fileRef = 741FFD56281A713B00ACE596 /* GoogleService-Info.plist */; };
		741FFD59281B590600ACE596 /* StartTetrisVC.swift in Sources */ = {isa = PBXBuildFile; fileRef = 741FFD58281B590600ACE596 /* StartTetrisVC.swift */; };
		741FFD5C281B5ACD00ACE596 /* ka1.ttf in Resources */ = {isa = PBXBuildFile; fileRef = 741FFD5B281B5AC200ACE596 /* ka1.ttf */; };
		741FFD5F281B5E6A00ACE596 /* Button3D.swift in Sources */ = {isa = PBXBuildFile; fileRef = 741FFD5E281B5E6A00ACE596 /* Button3D.swift */; };
		741FFD61281B649E00ACE596 /* Sounds.swift in Sources */ = {isa = PBXBuildFile; fileRef = 741FFD60281B649E00ACE596 /* Sounds.swift */; };
		741FFD63281B68FD00ACE596 /* buttonRelease.mp3 in Resources */ = {isa = PBXBuildFile; fileRef = 741FFD62281B68FD00ACE596 /* buttonRelease.mp3 */; };
		741FFD65281B691C00ACE596 /* buttonPress.mp3 in Resources */ = {isa = PBXBuildFile; fileRef = 741FFD64281B691C00ACE596 /* buttonPress.mp3 */; };
		741FFD67281BA83600ACE596 /* tetrisEpic.mp3 in Resources */ = {isa = PBXBuildFile; fileRef = 741FFD66281BA83600ACE596 /* tetrisEpic.mp3 */; };
		7451A36E281CAD37001B6F4D /* UserDefaults.swift in Sources */ = {isa = PBXBuildFile; fileRef = 7451A36D281CAD37001B6F4D /* UserDefaults.swift */; };
		7451A370281CB222001B6F4D /* tetrisIntroGame.mov in Resources */ = {isa = PBXBuildFile; fileRef = 7451A36F281CB222001B6F4D /* tetrisIntroGame.mov */; };
		748756E8271F5C2D008C246E /* AppDelegate.swift in Sources */ = {isa = PBXBuildFile; fileRef = 748756E7271F5C2D008C246E /* AppDelegate.swift */; };
		748756EA271F5C2D008C246E /* SceneDelegate.swift in Sources */ = {isa = PBXBuildFile; fileRef = 748756E9271F5C2D008C246E /* SceneDelegate.swift */; };
		748756EC271F5C2D008C246E /* ViewController.swift in Sources */ = {isa = PBXBuildFile; fileRef = 748756EB271F5C2D008C246E /* ViewController.swift */; };
		748756EF271F5C2D008C246E /* Main.storyboard in Resources */ = {isa = PBXBuildFile; fileRef = 748756ED271F5C2D008C246E /* Main.storyboard */; };
		748756F1271F5C2E008C246E /* Assets.xcassets in Resources */ = {isa = PBXBuildFile; fileRef = 748756F0271F5C2E008C246E /* Assets.xcassets */; };
		748756F4271F5C2E008C246E /* LaunchScreen.storyboard in Resources */ = {isa = PBXBuildFile; fileRef = 748756F2271F5C2E008C246E /* LaunchScreen.storyboard */; };
		748756FC271F64DE008C246E /* Bluetooth.swift in Sources */ = {isa = PBXBuildFile; fileRef = 748756FB271F64DE008C246E /* Bluetooth.swift */; };
		748A35D128343AD8008C9EC4 /* Reachability.swift in Sources */ = {isa = PBXBuildFile; fileRef = 748A35D028343AD8008C9EC4 /* Reachability.swift */; };
		748A35D328345D12008C9EC4 /* levelUp.mp3 in Resources */ = {isa = PBXBuildFile; fileRef = 748A35D228345D12008C9EC4 /* levelUp.mp3 */; };
		748A35E1283600FF008C9EC4 /* soundtrack1.mp3 in Resources */ = {isa = PBXBuildFile; fileRef = 748A35E0283600FF008C9EC4 /* soundtrack1.mp3 */; };
		748A35E72836020C008C9EC4 /* soundtrack3.mp3 in Resources */ = {isa = PBXBuildFile; fileRef = 748A35E22836020C008C9EC4 /* soundtrack3.mp3 */; };
		748A35E82836020C008C9EC4 /* soundtrack3Fast.mp3 in Resources */ = {isa = PBXBuildFile; fileRef = 748A35E32836020C008C9EC4 /* soundtrack3Fast.mp3 */; };
		748A35E92836020C008C9EC4 /* soundtrack2Fast.mp3 in Resources */ = {isa = PBXBuildFile; fileRef = 748A35E42836020C008C9EC4 /* soundtrack2Fast.mp3 */; };
		748A35EA2836020C008C9EC4 /* soundtrack4.mp3 in Resources */ = {isa = PBXBuildFile; fileRef = 748A35E52836020C008C9EC4 /* soundtrack4.mp3 */; };
		748A35EB2836020C008C9EC4 /* soundtrack4Fast.mp3 in Resources */ = {isa = PBXBuildFile; fileRef = 748A35E62836020C008C9EC4 /* soundtrack4Fast.mp3 */; };
		748A35F728360F88008C9EC4 /* soundtrack2.mp3 in Resources */ = {isa = PBXBuildFile; fileRef = 748A35F628360F88008C9EC4 /* soundtrack2.mp3 */; };
		74C1AFD128384EB100FECB50 /* NSNotifications.swift in Sources */ = {isa = PBXBuildFile; fileRef = 74C1AFD028384EB100FECB50 /* NSNotifications.swift */; };
		74D6ABDE273A306800E0605A /* ResizeImage.swift in Sources */ = {isa = PBXBuildFile; fileRef = 74D6ABDD273A306800E0605A /* ResizeImage.swift */; };
		74F831CF272A6848004F2827 /* TetrisVC.swift in Sources */ = {isa = PBXBuildFile; fileRef = 74F831CE272A6848004F2827 /* TetrisVC.swift */; };
		74F831D1272A748C004F2827 /* TetrisBluetooth.swift in Sources */ = {isa = PBXBuildFile; fileRef = 74F831D0272A748C004F2827 /* TetrisBluetooth.swift */; };
		74FA414A282B697D0058B2E4 /* GameKit.framework in Frameworks */ = {isa = PBXBuildFile; fileRef = 74FA4149282B697D0058B2E4 /* GameKit.framework */; };
/* End PBXBuildFile section */

/* Begin PBXFileReference section */
		24B30D2904B8305FA51EC72C /* Pods-SacketLED.release.xcconfig */ = {isa = PBXFileReference; includeInIndex = 1; lastKnownFileType = text.xcconfig; name = "Pods-SacketLED.release.xcconfig"; path = "Target Support Files/Pods-SacketLED/Pods-SacketLED.release.xcconfig"; sourceTree = "<group>"; };
		57AAB9B632B53CCEC9116796 /* Pods_SacketLED.framework */ = {isa = PBXFileReference; explicitFileType = wrapper.framework; includeInIndex = 0; path = Pods_SacketLED.framework; sourceTree = BUILT_PRODUCTS_DIR; };
		741FFD392813EF1400ACE596 /* Shape.swift */ = {isa = PBXFileReference; lastKnownFileType = sourcecode.swift; path = Shape.swift; sourceTree = "<group>"; };
		741FFD3B2814C9E000ACE596 /* Gameboard.swift */ = {isa = PBXFileReference; lastKnownFileType = sourcecode.swift; path = Gameboard.swift; sourceTree = "<group>"; };
		741FFD3D2815F49B00ACE596 /* TetrisSampleVC.swift */ = {isa = PBXFileReference; lastKnownFileType = sourcecode.swift; path = TetrisSampleVC.swift; sourceTree = "<group>"; };
		741FFD42281881FA00ACE596 /* move.mp3 */ = {isa = PBXFileReference; lastKnownFileType = audio.mp3; path = move.mp3; sourceTree = "<group>"; };
		741FFD442818821400ACE596 /* rotate.mp3 */ = {isa = PBXFileReference; lastKnownFileType = audio.mp3; path = rotate.mp3; sourceTree = "<group>"; };
		741FFD462818827C00ACE596 /* clear.mp3 */ = {isa = PBXFileReference; lastKnownFileType = audio.mp3; path = clear.mp3; sourceTree = "<group>"; };
		741FFD482818850600ACE596 /* tetris.mp3 */ = {isa = PBXFileReference; lastKnownFileType = audio.mp3; path = tetris.mp3; sourceTree = "<group>"; };
		741FFD4A2818851000ACE596 /* fall.mp3 */ = {isa = PBXFileReference; lastKnownFileType = audio.mp3; path = fall.mp3; sourceTree = "<group>"; };
		741FFD5428188DF100ACE596 /* gameOver.mp3 */ = {isa = PBXFileReference; lastKnownFileType = audio.mp3; path = gameOver.mp3; sourceTree = "<group>"; };
		741FFD56281A713B00ACE596 /* GoogleService-Info.plist */ = {isa = PBXFileReference; fileEncoding = 4; lastKnownFileType = text.plist.xml; path = "GoogleService-Info.plist"; sourceTree = "<group>"; };
		741FFD58281B590600ACE596 /* StartTetrisVC.swift */ = {isa = PBXFileReference; lastKnownFileType = sourcecode.swift; path = StartTetrisVC.swift; sourceTree = "<group>"; };
		741FFD5B281B5AC200ACE596 /* ka1.ttf */ = {isa = PBXFileReference; lastKnownFileType = file; path = ka1.ttf; sourceTree = "<group>"; };
		741FFD5E281B5E6A00ACE596 /* Button3D.swift */ = {isa = PBXFileReference; lastKnownFileType = sourcecode.swift; path = Button3D.swift; sourceTree = "<group>"; };
		741FFD60281B649E00ACE596 /* Sounds.swift */ = {isa = PBXFileReference; lastKnownFileType = sourcecode.swift; path = Sounds.swift; sourceTree = "<group>"; };
		741FFD62281B68FD00ACE596 /* buttonRelease.mp3 */ = {isa = PBXFileReference; lastKnownFileType = audio.mp3; path = buttonRelease.mp3; sourceTree = "<group>"; };
		741FFD64281B691C00ACE596 /* buttonPress.mp3 */ = {isa = PBXFileReference; lastKnownFileType = audio.mp3; path = buttonPress.mp3; sourceTree = "<group>"; };
		741FFD66281BA83600ACE596 /* tetrisEpic.mp3 */ = {isa = PBXFileReference; lastKnownFileType = audio.mp3; path = tetrisEpic.mp3; sourceTree = "<group>"; };
		7451A36D281CAD37001B6F4D /* UserDefaults.swift */ = {isa = PBXFileReference; lastKnownFileType = sourcecode.swift; path = UserDefaults.swift; sourceTree = "<group>"; };
		7451A36F281CB222001B6F4D /* tetrisIntroGame.mov */ = {isa = PBXFileReference; lastKnownFileType = video.quicktime; path = tetrisIntroGame.mov; sourceTree = "<group>"; };
		748756E4271F5C2D008C246E /* SacketLED.app */ = {isa = PBXFileReference; explicitFileType = wrapper.application; includeInIndex = 0; path = SacketLED.app; sourceTree = BUILT_PRODUCTS_DIR; };
		748756E7271F5C2D008C246E /* AppDelegate.swift */ = {isa = PBXFileReference; lastKnownFileType = sourcecode.swift; path = AppDelegate.swift; sourceTree = "<group>"; };
		748756E9271F5C2D008C246E /* SceneDelegate.swift */ = {isa = PBXFileReference; lastKnownFileType = sourcecode.swift; path = SceneDelegate.swift; sourceTree = "<group>"; };
		748756EB271F5C2D008C246E /* ViewController.swift */ = {isa = PBXFileReference; lastKnownFileType = sourcecode.swift; path = ViewController.swift; sourceTree = "<group>"; };
		748756EE271F5C2D008C246E /* Base */ = {isa = PBXFileReference; lastKnownFileType = file.storyboard; name = Base; path = Base.lproj/Main.storyboard; sourceTree = "<group>"; };
		748756F0271F5C2E008C246E /* Assets.xcassets */ = {isa = PBXFileReference; lastKnownFileType = folder.assetcatalog; path = Assets.xcassets; sourceTree = "<group>"; };
		748756F3271F5C2E008C246E /* Base */ = {isa = PBXFileReference; lastKnownFileType = file.storyboard; name = Base; path = Base.lproj/LaunchScreen.storyboard; sourceTree = "<group>"; };
		748756F5271F5C2E008C246E /* Info.plist */ = {isa = PBXFileReference; lastKnownFileType = text.plist.xml; path = Info.plist; sourceTree = "<group>"; };
		748756FB271F64DE008C246E /* Bluetooth.swift */ = {isa = PBXFileReference; lastKnownFileType = sourcecode.swift; path = Bluetooth.swift; sourceTree = "<group>"; };
		748A35D028343AD8008C9EC4 /* Reachability.swift */ = {isa = PBXFileReference; lastKnownFileType = sourcecode.swift; path = Reachability.swift; sourceTree = "<group>"; };
		748A35D228345D12008C9EC4 /* levelUp.mp3 */ = {isa = PBXFileReference; lastKnownFileType = audio.mp3; path = levelUp.mp3; sourceTree = "<group>"; };
		748A35E0283600FF008C9EC4 /* soundtrack1.mp3 */ = {isa = PBXFileReference; lastKnownFileType = audio.mp3; path = soundtrack1.mp3; sourceTree = "<group>"; };
		748A35E22836020C008C9EC4 /* soundtrack3.mp3 */ = {isa = PBXFileReference; lastKnownFileType = audio.mp3; path = soundtrack3.mp3; sourceTree = "<group>"; };
		748A35E32836020C008C9EC4 /* soundtrack3Fast.mp3 */ = {isa = PBXFileReference; lastKnownFileType = audio.mp3; path = soundtrack3Fast.mp3; sourceTree = "<group>"; };
		748A35E42836020C008C9EC4 /* soundtrack2Fast.mp3 */ = {isa = PBXFileReference; lastKnownFileType = audio.mp3; path = soundtrack2Fast.mp3; sourceTree = "<group>"; };
		748A35E52836020C008C9EC4 /* soundtrack4.mp3 */ = {isa = PBXFileReference; lastKnownFileType = audio.mp3; path = soundtrack4.mp3; sourceTree = "<group>"; };
		748A35E62836020C008C9EC4 /* soundtrack4Fast.mp3 */ = {isa = PBXFileReference; lastKnownFileType = audio.mp3; path = soundtrack4Fast.mp3; sourceTree = "<group>"; };
		748A35F628360F88008C9EC4 /* soundtrack2.mp3 */ = {isa = PBXFileReference; lastKnownFileType = audio.mp3; path = soundtrack2.mp3; sourceTree = "<group>"; };
		74C1AFD028384EB100FECB50 /* NSNotifications.swift */ = {isa = PBXFileReference; lastKnownFileType = sourcecode.swift; path = NSNotifications.swift; sourceTree = "<group>"; };
		74D6ABDD273A306800E0605A /* ResizeImage.swift */ = {isa = PBXFileReference; lastKnownFileType = sourcecode.swift; path = ResizeImage.swift; sourceTree = "<group>"; };
		74F831CE272A6848004F2827 /* TetrisVC.swift */ = {isa = PBXFileReference; lastKnownFileType = sourcecode.swift; path = TetrisVC.swift; sourceTree = "<group>"; };
		74F831D0272A748C004F2827 /* TetrisBluetooth.swift */ = {isa = PBXFileReference; lastKnownFileType = sourcecode.swift; path = TetrisBluetooth.swift; sourceTree = "<group>"; };
		74F831D2272A7D1C004F2827 /* SacketLED.entitlements */ = {isa = PBXFileReference; lastKnownFileType = text.plist.entitlements; path = SacketLED.entitlements; sourceTree = "<group>"; };
		74FA4149282B697D0058B2E4 /* GameKit.framework */ = {isa = PBXFileReference; lastKnownFileType = wrapper.framework; name = GameKit.framework; path = System/Library/Frameworks/GameKit.framework; sourceTree = SDKROOT; };
		89B9F12441966AD9FAA19DE9 /* Pods-SacketLED.debug.xcconfig */ = {isa = PBXFileReference; includeInIndex = 1; lastKnownFileType = text.xcconfig; name = "Pods-SacketLED.debug.xcconfig"; path = "Target Support Files/Pods-SacketLED/Pods-SacketLED.debug.xcconfig"; sourceTree = "<group>"; };
/* End PBXFileReference section */

/* Begin PBXFrameworksBuildPhase section */
		748756E1271F5C2D008C246E /* Frameworks */ = {
			isa = PBXFrameworksBuildPhase;
			buildActionMask = 2147483647;
			files = (
				6B6A3BC9C5423522B0693960 /* Pods_SacketLED.framework in Frameworks */,
				74FA414A282B697D0058B2E4 /* GameKit.framework in Frameworks */,
			);
			runOnlyForDeploymentPostprocessing = 0;
		};
/* End PBXFrameworksBuildPhase section */

/* Begin PBXGroup section */
		2E264651618EABC72269F825 /* Pods */ = {
			isa = PBXGroup;
			children = (
				89B9F12441966AD9FAA19DE9 /* Pods-SacketLED.debug.xcconfig */,
				24B30D2904B8305FA51EC72C /* Pods-SacketLED.release.xcconfig */,
			);
			path = Pods;
			sourceTree = "<group>";
		};
		34881D8F48607E84C3965E6B /* Frameworks */ = {
			isa = PBXGroup;
			children = (
				74FA4149282B697D0058B2E4 /* GameKit.framework */,
				57AAB9B632B53CCEC9116796 /* Pods_SacketLED.framework */,
			);
			name = Frameworks;
			sourceTree = "<group>";
		};
		741FFD41281881D900ACE596 /* Music */ = {
			isa = PBXGroup;
			children = (
				741FFD66281BA83600ACE596 /* tetrisEpic.mp3 */,
				741FFD64281B691C00ACE596 /* buttonPress.mp3 */,
				741FFD62281B68FD00ACE596 /* buttonRelease.mp3 */,
				741FFD42281881FA00ACE596 /* move.mp3 */,
				741FFD442818821400ACE596 /* rotate.mp3 */,
				741FFD462818827C00ACE596 /* clear.mp3 */,
				741FFD482818850600ACE596 /* tetris.mp3 */,
				741FFD4A2818851000ACE596 /* fall.mp3 */,
				748A35D228345D12008C9EC4 /* levelUp.mp3 */,
				741FFD5428188DF100ACE596 /* gameOver.mp3 */,
				748A35E0283600FF008C9EC4 /* soundtrack1.mp3 */,
				748A35F628360F88008C9EC4 /* soundtrack2.mp3 */,
				748A35E42836020C008C9EC4 /* soundtrack2Fast.mp3 */,
				748A35E22836020C008C9EC4 /* soundtrack3.mp3 */,
				748A35E32836020C008C9EC4 /* soundtrack3Fast.mp3 */,
				748A35E52836020C008C9EC4 /* soundtrack4.mp3 */,
				748A35E62836020C008C9EC4 /* soundtrack4Fast.mp3 */,
			);
			path = Music;
			sourceTree = "<group>";
		};
		741FFD5A281B5AB400ACE596 /* Fonts */ = {
			isa = PBXGroup;
			children = (
				741FFD5B281B5AC200ACE596 /* ka1.ttf */,
			);
			path = Fonts;
			sourceTree = "<group>";
		};
		7451A368281BD940001B6F4D /* Videos */ = {
			isa = PBXGroup;
			children = (
				7451A36F281CB222001B6F4D /* tetrisIntroGame.mov */,
			);
			path = Videos;
			sourceTree = "<group>";
		};
		748756DB271F5C2D008C246E = {
			isa = PBXGroup;
			children = (
				748756E6271F5C2D008C246E /* SacketLED */,
				748756E5271F5C2D008C246E /* Products */,
				2E264651618EABC72269F825 /* Pods */,
				34881D8F48607E84C3965E6B /* Frameworks */,
			);
			sourceTree = "<group>";
		};
		748756E5271F5C2D008C246E /* Products */ = {
			isa = PBXGroup;
			children = (
				748756E4271F5C2D008C246E /* SacketLED.app */,
			);
			name = Products;
			sourceTree = "<group>";
		};
		748756E6271F5C2D008C246E /* SacketLED */ = {
			isa = PBXGroup;
			children = (
				74F831D2272A7D1C004F2827 /* SacketLED.entitlements */,
				748756E7271F5C2D008C246E /* AppDelegate.swift */,
				748756E9271F5C2D008C246E /* SceneDelegate.swift */,
				748756EB271F5C2D008C246E /* ViewController.swift */,
				74D6ABDD273A306800E0605A /* ResizeImage.swift */,
				748756FB271F64DE008C246E /* Bluetooth.swift */,
				74F831CE272A6848004F2827 /* TetrisVC.swift */,
				74F831D0272A748C004F2827 /* TetrisBluetooth.swift */,
				741FFD392813EF1400ACE596 /* Shape.swift */,
				741FFD3B2814C9E000ACE596 /* Gameboard.swift */,
				741FFD3D2815F49B00ACE596 /* TetrisSampleVC.swift */,
				741FFD58281B590600ACE596 /* StartTetrisVC.swift */,
				748A35D028343AD8008C9EC4 /* Reachability.swift */,
				7451A36D281CAD37001B6F4D /* UserDefaults.swift */,
				74C1AFD028384EB100FECB50 /* NSNotifications.swift */,
				741FFD60281B649E00ACE596 /* Sounds.swift */,
				741FFD5E281B5E6A00ACE596 /* Button3D.swift */,
				7451A368281BD940001B6F4D /* Videos */,
				741FFD5A281B5AB400ACE596 /* Fonts */,
				741FFD41281881D900ACE596 /* Music */,
				748756ED271F5C2D008C246E /* Main.storyboard */,
				748756F0271F5C2E008C246E /* Assets.xcassets */,
				748756F2271F5C2E008C246E /* LaunchScreen.storyboard */,
				748756F5271F5C2E008C246E /* Info.plist */,
				741FFD56281A713B00ACE596 /* GoogleService-Info.plist */,
			);
			path = SacketLED;
			sourceTree = "<group>";
		};
/* End PBXGroup section */

/* Begin PBXNativeTarget section */
		748756E3271F5C2D008C246E /* SacketLED */ = {
			isa = PBXNativeTarget;
			buildConfigurationList = 748756F8271F5C2E008C246E /* Build configuration list for PBXNativeTarget "SacketLED" */;
			buildPhases = (
				CA284E2E2AE20DB2304F9A4B /* [CP] Check Pods Manifest.lock */,
				748756E0271F5C2D008C246E /* Sources */,
				748756E1271F5C2D008C246E /* Frameworks */,
				748756E2271F5C2D008C246E /* Resources */,
				08FB18C18A11E9CD25EF56C3 /* [CP] Embed Pods Frameworks */,
			);
			buildRules = (
			);
			dependencies = (
			);
			name = SacketLED;
			productName = SacketLED;
			productReference = 748756E4271F5C2D008C246E /* SacketLED.app */;
			productType = "com.apple.product-type.application";
		};
/* End PBXNativeTarget section */

/* Begin PBXProject section */
		748756DC271F5C2D008C246E /* Project object */ = {
			isa = PBXProject;
			attributes = {
				BuildIndependentTargetsInParallel = 1;
				LastSwiftUpdateCheck = 1300;
				LastUpgradeCheck = 1300;
				TargetAttributes = {
					748756E3271F5C2D008C246E = {
						CreatedOnToolsVersion = 13.0;
					};
				};
			};
			buildConfigurationList = 748756DF271F5C2D008C246E /* Build configuration list for PBXProject "SacketLED" */;
			compatibilityVersion = "Xcode 13.0";
			developmentRegion = en;
			hasScannedForEncodings = 0;
			knownRegions = (
				en,
				Base,
			);
			mainGroup = 748756DB271F5C2D008C246E;
			productRefGroup = 748756E5271F5C2D008C246E /* Products */;
			projectDirPath = "";
			projectRoot = "";
			targets = (
				748756E3271F5C2D008C246E /* SacketLED */,
			);
		};
/* End PBXProject section */

/* Begin PBXResourcesBuildPhase section */
		748756E2271F5C2D008C246E /* Resources */ = {
			isa = PBXResourcesBuildPhase;
			buildActionMask = 2147483647;
			files = (
				741FFD63281B68FD00ACE596 /* buttonRelease.mp3 in Resources */,
				741FFD5C281B5ACD00ACE596 /* ka1.ttf in Resources */,
				748A35E82836020C008C9EC4 /* soundtrack3Fast.mp3 in Resources */,
				741FFD472818827C00ACE596 /* clear.mp3 in Resources */,
				7451A370281CB222001B6F4D /* tetrisIntroGame.mov in Resources */,
				741FFD65281B691C00ACE596 /* buttonPress.mp3 in Resources */,
				741FFD492818850600ACE596 /* tetris.mp3 in Resources */,
				748A35E92836020C008C9EC4 /* soundtrack2Fast.mp3 in Resources */,
				748A35E72836020C008C9EC4 /* soundtrack3.mp3 in Resources */,
				741FFD452818821400ACE596 /* rotate.mp3 in Resources */,
				748756F4271F5C2E008C246E /* LaunchScreen.storyboard in Resources */,
				741FFD43281881FA00ACE596 /* move.mp3 in Resources */,
				748A35EA2836020C008C9EC4 /* soundtrack4.mp3 in Resources */,
				748A35EB2836020C008C9EC4 /* soundtrack4Fast.mp3 in Resources */,
				741FFD57281A713B00ACE596 /* GoogleService-Info.plist in Resources */,
				741FFD4B2818851000ACE596 /* fall.mp3 in Resources */,
				741FFD5528188DF100ACE596 /* gameOver.mp3 in Resources */,
				748756F1271F5C2E008C246E /* Assets.xcassets in Resources */,
				748A35D328345D12008C9EC4 /* levelUp.mp3 in Resources */,
				748A35E1283600FF008C9EC4 /* soundtrack1.mp3 in Resources */,
				748A35F728360F88008C9EC4 /* soundtrack2.mp3 in Resources */,
				748756EF271F5C2D008C246E /* Main.storyboard in Resources */,
				741FFD67281BA83600ACE596 /* tetrisEpic.mp3 in Resources */,
			);
			runOnlyForDeploymentPostprocessing = 0;
		};
/* End PBXResourcesBuildPhase section */

/* Begin PBXShellScriptBuildPhase section */
		08FB18C18A11E9CD25EF56C3 /* [CP] Embed Pods Frameworks */ = {
			isa = PBXShellScriptBuildPhase;
			buildActionMask = 2147483647;
			files = (
			);
			inputFileListPaths = (
				"${PODS_ROOT}/Target Support Files/Pods-SacketLED/Pods-SacketLED-frameworks-${CONFIGURATION}-input-files.xcfilelist",
			);
			name = "[CP] Embed Pods Frameworks";
			outputFileListPaths = (
				"${PODS_ROOT}/Target Support Files/Pods-SacketLED/Pods-SacketLED-frameworks-${CONFIGURATION}-output-files.xcfilelist",
			);
			runOnlyForDeploymentPostprocessing = 0;
			shellPath = /bin/sh;
			shellScript = "\"${PODS_ROOT}/Target Support Files/Pods-SacketLED/Pods-SacketLED-frameworks.sh\"\n";
			showEnvVarsInLog = 0;
		};
		CA284E2E2AE20DB2304F9A4B /* [CP] Check Pods Manifest.lock */ = {
			isa = PBXShellScriptBuildPhase;
			buildActionMask = 2147483647;
			files = (
			);
			inputFileListPaths = (
			);
			inputPaths = (
				"${PODS_PODFILE_DIR_PATH}/Podfile.lock",
				"${PODS_ROOT}/Manifest.lock",
			);
			name = "[CP] Check Pods Manifest.lock";
			outputFileListPaths = (
			);
			outputPaths = (
				"$(DERIVED_FILE_DIR)/Pods-SacketLED-checkManifestLockResult.txt",
			);
			runOnlyForDeploymentPostprocessing = 0;
			shellPath = /bin/sh;
			shellScript = "diff \"${PODS_PODFILE_DIR_PATH}/Podfile.lock\" \"${PODS_ROOT}/Manifest.lock\" > /dev/null\nif [ $? != 0 ] ; then\n    # print error to STDERR\n    echo \"error: The sandbox is not in sync with the Podfile.lock. Run 'pod install' or update your CocoaPods installation.\" >&2\n    exit 1\nfi\n# This output is used by Xcode 'outputs' to avoid re-running this script phase.\necho \"SUCCESS\" > \"${SCRIPT_OUTPUT_FILE_0}\"\n";
			showEnvVarsInLog = 0;
		};
/* End PBXShellScriptBuildPhase section */

/* Begin PBXSourcesBuildPhase section */
		748756E0271F5C2D008C246E /* Sources */ = {
			isa = PBXSourcesBuildPhase;
			buildActionMask = 2147483647;
			files = (
				741FFD5F281B5E6A00ACE596 /* Button3D.swift in Sources */,
				748756FC271F64DE008C246E /* Bluetooth.swift in Sources */,
				74F831D1272A748C004F2827 /* TetrisBluetooth.swift in Sources */,
				748756EC271F5C2D008C246E /* ViewController.swift in Sources */,
				741FFD61281B649E00ACE596 /* Sounds.swift in Sources */,
				741FFD3E2815F49B00ACE596 /* TetrisSampleVC.swift in Sources */,
				74D6ABDE273A306800E0605A /* ResizeImage.swift in Sources */,
				748756E8271F5C2D008C246E /* AppDelegate.swift in Sources */,
				748A35D128343AD8008C9EC4 /* Reachability.swift in Sources */,
				748756EA271F5C2D008C246E /* SceneDelegate.swift in Sources */,
				74F831CF272A6848004F2827 /* TetrisVC.swift in Sources */,
				74C1AFD128384EB100FECB50 /* NSNotifications.swift in Sources */,
				741FFD3A2813EF1400ACE596 /* Shape.swift in Sources */,
				741FFD3C2814C9E000ACE596 /* Gameboard.swift in Sources */,
				7451A36E281CAD37001B6F4D /* UserDefaults.swift in Sources */,
				741FFD59281B590600ACE596 /* StartTetrisVC.swift in Sources */,
			);
			runOnlyForDeploymentPostprocessing = 0;
		};
/* End PBXSourcesBuildPhase section */

/* Begin PBXVariantGroup section */
		748756ED271F5C2D008C246E /* Main.storyboard */ = {
			isa = PBXVariantGroup;
			children = (
				748756EE271F5C2D008C246E /* Base */,
			);
			name = Main.storyboard;
			sourceTree = "<group>";
		};
		748756F2271F5C2E008C246E /* LaunchScreen.storyboard */ = {
			isa = PBXVariantGroup;
			children = (
				748756F3271F5C2E008C246E /* Base */,
			);
			name = LaunchScreen.storyboard;
			sourceTree = "<group>";
		};
/* End PBXVariantGroup section */

/* Begin XCBuildConfiguration section */
		748756F6271F5C2E008C246E /* Debug */ = {
			isa = XCBuildConfiguration;
			buildSettings = {
				ALWAYS_SEARCH_USER_PATHS = NO;
				CLANG_ANALYZER_NONNULL = YES;
				CLANG_ANALYZER_NUMBER_OBJECT_CONVERSION = YES_AGGRESSIVE;
				CLANG_CXX_LANGUAGE_STANDARD = "gnu++17";
				CLANG_CXX_LIBRARY = "libc++";
				CLANG_ENABLE_MODULES = YES;
				CLANG_ENABLE_OBJC_ARC = YES;
				CLANG_ENABLE_OBJC_WEAK = YES;
				CLANG_WARN_BLOCK_CAPTURE_AUTORELEASING = YES;
				CLANG_WARN_BOOL_CONVERSION = YES;
				CLANG_WARN_COMMA = YES;
				CLANG_WARN_CONSTANT_CONVERSION = YES;
				CLANG_WARN_DEPRECATED_OBJC_IMPLEMENTATIONS = YES;
				CLANG_WARN_DIRECT_OBJC_ISA_USAGE = YES_ERROR;
				CLANG_WARN_DOCUMENTATION_COMMENTS = YES;
				CLANG_WARN_EMPTY_BODY = YES;
				CLANG_WARN_ENUM_CONVERSION = YES;
				CLANG_WARN_INFINITE_RECURSION = YES;
				CLANG_WARN_INT_CONVERSION = YES;
				CLANG_WARN_NON_LITERAL_NULL_CONVERSION = YES;
				CLANG_WARN_OBJC_IMPLICIT_RETAIN_SELF = YES;
				CLANG_WARN_OBJC_LITERAL_CONVERSION = YES;
				CLANG_WARN_OBJC_ROOT_CLASS = YES_ERROR;
				CLANG_WARN_QUOTED_INCLUDE_IN_FRAMEWORK_HEADER = YES;
				CLANG_WARN_RANGE_LOOP_ANALYSIS = YES;
				CLANG_WARN_STRICT_PROTOTYPES = YES;
				CLANG_WARN_SUSPICIOUS_MOVE = YES;
				CLANG_WARN_UNGUARDED_AVAILABILITY = YES_AGGRESSIVE;
				CLANG_WARN_UNREACHABLE_CODE = YES;
				CLANG_WARN__DUPLICATE_METHOD_MATCH = YES;
				COPY_PHASE_STRIP = NO;
				DEBUG_INFORMATION_FORMAT = dwarf;
				ENABLE_STRICT_OBJC_MSGSEND = YES;
				ENABLE_TESTABILITY = YES;
				GCC_C_LANGUAGE_STANDARD = gnu11;
				GCC_DYNAMIC_NO_PIC = NO;
				GCC_NO_COMMON_BLOCKS = YES;
				GCC_OPTIMIZATION_LEVEL = 0;
				GCC_PREPROCESSOR_DEFINITIONS = (
					"DEBUG=1",
					"$(inherited)",
				);
				GCC_WARN_64_TO_32_BIT_CONVERSION = YES;
				GCC_WARN_ABOUT_RETURN_TYPE = YES_ERROR;
				GCC_WARN_UNDECLARED_SELECTOR = YES;
				GCC_WARN_UNINITIALIZED_AUTOS = YES_AGGRESSIVE;
				GCC_WARN_UNUSED_FUNCTION = YES;
				GCC_WARN_UNUSED_VARIABLE = YES;
				IPHONEOS_DEPLOYMENT_TARGET = 14.0;
				MTL_ENABLE_DEBUG_INFO = INCLUDE_SOURCE;
				MTL_FAST_MATH = YES;
				ONLY_ACTIVE_ARCH = YES;
				SDKROOT = iphoneos;
				SWIFT_ACTIVE_COMPILATION_CONDITIONS = DEBUG;
				SWIFT_OPTIMIZATION_LEVEL = "-Onone";
			};
			name = Debug;
		};
		748756F7271F5C2E008C246E /* Release */ = {
			isa = XCBuildConfiguration;
			buildSettings = {
				ALWAYS_SEARCH_USER_PATHS = NO;
				CLANG_ANALYZER_NONNULL = YES;
				CLANG_ANALYZER_NUMBER_OBJECT_CONVERSION = YES_AGGRESSIVE;
				CLANG_CXX_LANGUAGE_STANDARD = "gnu++17";
				CLANG_CXX_LIBRARY = "libc++";
				CLANG_ENABLE_MODULES = YES;
				CLANG_ENABLE_OBJC_ARC = YES;
				CLANG_ENABLE_OBJC_WEAK = YES;
				CLANG_WARN_BLOCK_CAPTURE_AUTORELEASING = YES;
				CLANG_WARN_BOOL_CONVERSION = YES;
				CLANG_WARN_COMMA = YES;
				CLANG_WARN_CONSTANT_CONVERSION = YES;
				CLANG_WARN_DEPRECATED_OBJC_IMPLEMENTATIONS = YES;
				CLANG_WARN_DIRECT_OBJC_ISA_USAGE = YES_ERROR;
				CLANG_WARN_DOCUMENTATION_COMMENTS = YES;
				CLANG_WARN_EMPTY_BODY = YES;
				CLANG_WARN_ENUM_CONVERSION = YES;
				CLANG_WARN_INFINITE_RECURSION = YES;
				CLANG_WARN_INT_CONVERSION = YES;
				CLANG_WARN_NON_LITERAL_NULL_CONVERSION = YES;
				CLANG_WARN_OBJC_IMPLICIT_RETAIN_SELF = YES;
				CLANG_WARN_OBJC_LITERAL_CONVERSION = YES;
				CLANG_WARN_OBJC_ROOT_CLASS = YES_ERROR;
				CLANG_WARN_QUOTED_INCLUDE_IN_FRAMEWORK_HEADER = YES;
				CLANG_WARN_RANGE_LOOP_ANALYSIS = YES;
				CLANG_WARN_STRICT_PROTOTYPES = YES;
				CLANG_WARN_SUSPICIOUS_MOVE = YES;
				CLANG_WARN_UNGUARDED_AVAILABILITY = YES_AGGRESSIVE;
				CLANG_WARN_UNREACHABLE_CODE = YES;
				CLANG_WARN__DUPLICATE_METHOD_MATCH = YES;
				COPY_PHASE_STRIP = NO;
				DEBUG_INFORMATION_FORMAT = "dwarf-with-dsym";
				ENABLE_NS_ASSERTIONS = NO;
				ENABLE_STRICT_OBJC_MSGSEND = YES;
				GCC_C_LANGUAGE_STANDARD = gnu11;
				GCC_NO_COMMON_BLOCKS = YES;
				GCC_WARN_64_TO_32_BIT_CONVERSION = YES;
				GCC_WARN_ABOUT_RETURN_TYPE = YES_ERROR;
				GCC_WARN_UNDECLARED_SELECTOR = YES;
				GCC_WARN_UNINITIALIZED_AUTOS = YES_AGGRESSIVE;
				GCC_WARN_UNUSED_FUNCTION = YES;
				GCC_WARN_UNUSED_VARIABLE = YES;
				IPHONEOS_DEPLOYMENT_TARGET = 14.0;
				MTL_ENABLE_DEBUG_INFO = NO;
				MTL_FAST_MATH = YES;
				SDKROOT = iphoneos;
				SWIFT_COMPILATION_MODE = wholemodule;
				SWIFT_OPTIMIZATION_LEVEL = "-O";
				VALIDATE_PRODUCT = YES;
			};
			name = Release;
		};
		748756F9271F5C2E008C246E /* Debug */ = {
			isa = XCBuildConfiguration;
			baseConfigurationReference = 89B9F12441966AD9FAA19DE9 /* Pods-SacketLED.debug.xcconfig */;
			buildSettings = {
				ASSETCATALOG_COMPILER_APPICON_NAME = AppIcon;
				ASSETCATALOG_COMPILER_GLOBAL_ACCENT_COLOR_NAME = AccentColor;
				CODE_SIGN_ENTITLEMENTS = SacketLED/SacketLED.entitlements;
				CODE_SIGN_STYLE = Automatic;
				CURRENT_PROJECT_VERSION = 3;
				DEVELOPMENT_TEAM = 5E845TX3E6;
				GENERATE_INFOPLIST_FILE = YES;
				INFOPLIST_FILE = SacketLED/Info.plist;
				INFOPLIST_KEY_CFBundleDisplayName = SackettLED;
				INFOPLIST_KEY_NSBluetoothAlwaysUsageDescription = "To connect to LED display";
				INFOPLIST_KEY_NSBluetoothPeripheralUsageDescription = "To connect to LED display";
				INFOPLIST_KEY_UIApplicationSupportsIndirectInputEvents = YES;
				INFOPLIST_KEY_UILaunchStoryboardName = LaunchScreen;
				INFOPLIST_KEY_UIMainStoryboardFile = Main;
				INFOPLIST_KEY_UIRequiredDeviceCapabilities = gamekit;
				INFOPLIST_KEY_UISupportedInterfaceOrientations_iPad = "UIInterfaceOrientationPortrait UIInterfaceOrientationPortraitUpsideDown UIInterfaceOrientationLandscapeLeft UIInterfaceOrientationLandscapeRight";
				INFOPLIST_KEY_UISupportedInterfaceOrientations_iPhone = UIInterfaceOrientationPortrait;
				IPHONEOS_DEPLOYMENT_TARGET = 14.0;
				LD_RUNPATH_SEARCH_PATHS = (
					"$(inherited)",
					"@executable_path/Frameworks",
				);
				MARKETING_VERSION = 1.1;
				PRODUCT_BUNDLE_IDENTIFIER = com.ipooglecodes.SacketLED;
				PRODUCT_NAME = "$(TARGET_NAME)";
				SWIFT_EMIT_LOC_STRINGS = YES;
				SWIFT_VERSION = 5.0;
				TARGETED_DEVICE_FAMILY = "1,2";
			};
			name = Debug;
		};
		748756FA271F5C2E008C246E /* Release */ = {
			isa = XCBuildConfiguration;
			baseConfigurationReference = 24B30D2904B8305FA51EC72C /* Pods-SacketLED.release.xcconfig */;
			buildSettings = {
				ASSETCATALOG_COMPILER_APPICON_NAME = AppIcon;
				ASSETCATALOG_COMPILER_GLOBAL_ACCENT_COLOR_NAME = AccentColor;
				CODE_SIGN_ENTITLEMENTS = SacketLED/SacketLED.entitlements;
				CODE_SIGN_STYLE = Automatic;
				CURRENT_PROJECT_VERSION = 3;
				DEVELOPMENT_TEAM = 5E845TX3E6;
				GENERATE_INFOPLIST_FILE = YES;
				INFOPLIST_FILE = SacketLED/Info.plist;
				INFOPLIST_KEY_CFBundleDisplayName = SackettLED;
				INFOPLIST_KEY_NSBluetoothAlwaysUsageDescription = "To connect to LED display";
				INFOPLIST_KEY_NSBluetoothPeripheralUsageDescription = "To connect to LED display";
				INFOPLIST_KEY_UIApplicationSupportsIndirectInputEvents = YES;
				INFOPLIST_KEY_UILaunchStoryboardName = LaunchScreen;
				INFOPLIST_KEY_UIMainStoryboardFile = Main;
				INFOPLIST_KEY_UIRequiredDeviceCapabilities = gamekit;
				INFOPLIST_KEY_UISupportedInterfaceOrientations_iPad = "UIInterfaceOrientationPortrait UIInterfaceOrientationPortraitUpsideDown UIInterfaceOrientationLandscapeLeft UIInterfaceOrientationLandscapeRight";
				INFOPLIST_KEY_UISupportedInterfaceOrientations_iPhone = UIInterfaceOrientationPortrait;
				IPHONEOS_DEPLOYMENT_TARGET = 14.0;
				LD_RUNPATH_SEARCH_PATHS = (
					"$(inherited)",
					"@executable_path/Frameworks",
				);
				MARKETING_VERSION = 1.1;
				PRODUCT_BUNDLE_IDENTIFIER = com.ipooglecodes.SacketLED;
				PRODUCT_NAME = "$(TARGET_NAME)";
				SWIFT_EMIT_LOC_STRINGS = YES;
				SWIFT_VERSION = 5.0;
				TARGETED_DEVICE_FAMILY = "1,2";
			};
			name = Release;
		};
/* End XCBuildConfiguration section */

/* Begin XCConfigurationList section */
		748756DF271F5C2D008C246E /* Build configuration list for PBXProject "SacketLED" */ = {
			isa = XCConfigurationList;
			buildConfigurations = (
				748756F6271F5C2E008C246E /* Debug */,
				748756F7271F5C2E008C246E /* Release */,
			);
			defaultConfigurationIsVisible = 0;
			defaultConfigurationName = Release;
		};
		748756F8271F5C2E008C246E /* Build configuration list for PBXNativeTarget "SacketLED" */ = {
			isa = XCConfigurationList;
			buildConfigurations = (
				748756F9271F5C2E008C246E /* Debug */,
				748756FA271F5C2E008C246E /* Release */,
			);
			defaultConfigurationIsVisible = 0;
			defaultConfigurationName = Release;
		};
/* End XCConfigurationList section */
	};
	rootObject = 748756DC271F5C2D008C246E /* Project object */;
}
